
Microsoft Visual Studio Solution File, Format Version 12.00
# Visual Studio Version 17
VisualStudioVersion = 17.7.34024.191
MinimumVisualStudioVersion = 10.0.40219.1
Project("{FAE04EC0-301F-11D3-BF4B-00C04F79EFBC}") = "ConstructorMacrosWPF", "ConstructorMacrosWPF.csproj", "{62092EA0-13FB-45B7-88A2-78D8E9E180E4}"
EndProject
Project("{FAE04EC0-301F-11D3-BF4B-00C04F79EFBC}") = "UnitTestProject1", "..\UnitTestProject1\UnitTestProject1.csproj", "{6D5DCA54-49F6-43EE-AA47-DFEF1DCE47D8}"
EndProject
Global
	GlobalSection(SolutionConfigurationPlatforms) = preSolution
		Debug|Any CPU = Debug|Any CPU
		Release|Any CPU = Release|Any CPU
	EndGlobalSection
	GlobalSection(ProjectConfigurationPlatforms) = postSolution
		{62092EA0-13FB-45B7-88A2-78D8E9E180E4}.Debug|Any CPU.ActiveCfg = Debug|Any CPU
		{62092EA0-13FB-45B7-88A2-78D8E9E180E4}.Debug|Any CPU.Build.0 = Debug|Any CPU
		{62092EA0-13FB-45B7-88A2-78D8E9E180E4}.Release|Any CPU.ActiveCfg = Release|Any CPU
		{62092EA0-13FB-45B7-88A2-78D8E9E180E4}.Release|Any CPU.Build.0 = Release|Any CPU
		{6D5DCA54-49F6-43EE-AA47-DFEF1DCE47D8}.Debug|Any CPU.ActiveCfg = Debug|Any CPU
		{6D5DCA54-49F6-43EE-AA47-DFEF1DCE47D8}.Debug|Any CPU.Build.0 = Debug|Any CPU
		{6D5DCA54-49F6-43EE-AA47-DFEF1DCE47D8}.Release|Any CPU.ActiveCfg = Release|Any CPU
		{6D5DCA54-49F6-43EE-AA47-DFEF1DCE47D8}.Release|Any CPU.Build.0 = Release|Any CPU
	EndGlobalSection
	GlobalSection(SolutionProperties) = preSolution
		HideSolutionNode = FALSE
	EndGlobalSection
	GlobalSection(ExtensibilityGlobals) = postSolution
		SolutionGuid = {2828A4F5-A424-4BE4-8A22-B5309BB334AC}
	EndGlobalSection
EndGlobal
